
Microsoft Visual Studio Solution File, Format Version 12.00
# Visual Studio 15
VisualStudioVersion = 15.0.27130.2027
MinimumVisualStudioVersion = 10.0.40219.1
Project("{FAE04EC0-301F-11D3-BF4B-00C04F79EFBC}") = "PlacticeCsharp1", "PlacticeCsharp1\PlacticeCsharp1.csproj", "{376A63B1-7DE0-455C-92E9-32EB67BF8FA3}"
EndProject
Global
	GlobalSection(SolutionConfigurationPlatforms) = preSolution
		Debug|Any CPU = Debug|Any CPU
		Release|Any CPU = Release|Any CPU
	EndGlobalSection
	GlobalSection(ProjectConfigurationPlatforms) = postSolution
		{376A63B1-7DE0-455C-92E9-32EB67BF8FA3}.Debug|Any CPU.ActiveCfg = Debug|Any CPU
		{376A63B1-7DE0-455C-92E9-32EB67BF8FA3}.Debug|Any CPU.Build.0 = Debug|Any CPU
		{376A63B1-7DE0-455C-92E9-32EB67BF8FA3}.Release|Any CPU.ActiveCfg = Release|Any CPU
		{376A63B1-7DE0-455C-92E9-32EB67BF8FA3}.Release|Any CPU.Build.0 = Release|Any CPU
	EndGlobalSection
	GlobalSection(SolutionProperties) = preSolution
		HideSolutionNode = FALSE
	EndGlobalSection
	GlobalSection(ExtensibilityGlobals) = postSolution
		SolutionGuid = {77D34412-5D34-4C96-9946-031E73CE6F9D}
	EndGlobalSection
EndGlobal
